<Solution>
  <Project Path="AppHosting/AppHosting.csproj" />
  <Project Path="Assets/Assets.csproj" />
  <Project Path="Behaviors/Behaviors.csproj" />
  <Project Path="CMake/CMake.csproj" />
  <Project Path="Console/Console.csproj" />
  <Project Path="Ecs/Ecs.csproj" />
  <Project Path="EngineApi/EngineApi.csproj" />
  <Project Path="Generators/Generators.csproj" />
  <Project Path="Input/Input.csproj" />
  <Project Path="Launcher/Launcher.csproj" Id="2aacafed-e699-4184-a23e-fbbcb1996fad" />
  <Project Path="Logging/Logging.csproj" />
  <Project Path="Overlays/Overlays.csproj" />
  <Project Path="Projects/Projects.csproj" />
  <Project Path="Resources/Resources.csproj" />
  <Project Path="Rpc/Rpc.csproj" />
  <Project Path="Settings/Settings.csproj" />
  <Project Path="Shell/App.csproj" />
  <Project Path="Status/Status.csproj" />
  <Project Path="Themes/Themes.csproj" />
  <Project Path="Utils/Utils.csproj" />
  <Project Path="Viewport/Viewport.csproj" />
</Solution>
