<Solution>
  <Project Path="Toybox.Studio.App.csproj" />
  <Project Path="Toybox.Studio.Core/Toybox.Studio.Core.csproj" />
  <Project Path="Toybox.Studio.Behaviors/Toybox.Studio.Behaviors.csproj" />
  <Project Path="Toybox.Studio.Project/Toybox.Studio.Project.csproj" />
  <Project Path="Toybox.Studio.ECS/Toybox.Studio.ECS.csproj" />
  <Project Path="Toybox.Studio.PropertyGrid/Toybox.Studio.PropertyGrid.csproj" />
  <Project Path="Toybox.Studio.Generators/Toybox.Studio.Generators.csproj" />
  <Project Path="Toybox.Studio.Resources/Toybox.Studio.Resources.csproj" />
  <Project Path="Toybox.Studio.Settings/Toybox.Studio.Settings.csproj" />
  <Project Path="Toybox.Studio.Themes/Toybox.Studio.Themes.csproj" />
</Solution>
